github.com/anders-14/gocolor v0.0.0-20210308101218-987a33310e8d h1:uQcz2bWcYqSG80U24i230sUqjfHEPBAGpw64gfY612M=
github.com/anders-14/gocolor v0.0.0-20210308101218-987a33310e8d/go.mod h1:4N6Cf+0Dzz7adkIjYQGYxhpm5tMyE3wNwA3dkGfbXy8=
github.com/joho/godotenv v1.3.0 h1:Zjp+RcGpHhGlrMbJzXTrZZPrWj+1vfm90La1wgB6Bhc=
github.com/joho/godotenv v1.3.0/go.mod h1:7hK45KPybAkOC6peb+G5yklZfMxEjkZhHbwpqxOKXbg=
